# This file is automatically @generated by Cargo.
# It is not intended for manual editing.
version = 4

[[package]]
name = "autocfg"
version = "1.5.0"
source = "registry+https://github.com/rust-lang/crates.io-index"
checksum = "c08606f8c3cbf4ce6ec8e28fb0014a2c086708fe954eaa885384a6165172e7e8"

[[package]]
name = "mylib"
version = "0.1.0"
source = "git+https://github.com/lucasdietrich/rust-hello-world-lib.git?rev=e6553d4251759fbcdad543d9b1d59d3c32126a9c#e6553d4251759fbcdad543d9b1d59d3c32126a9c"

[[package]]
name = "num-traits"
version = "0.2.19"
source = "registry+https://github.com/rust-lang/crates.io-index"
checksum = "071dfc062690e90b734c0b2273ce72ad0ffa95f0c74596bc250dcfd960262841"
dependencies = [
 "autocfg",
]

[[package]]
name = "rmp"
version = "0.8.15"
source = "registry+https://github.com/rust-lang/crates.io-index"
checksum = "4ba8be72d372b2c9b35542551678538b562e7cf86c3315773cae48dfbfe7790c"
dependencies = [
 "num-traits",
]

[[package]]
name = "rust-hello-world"
version = "0.0.1"
dependencies = [
 "mylib",
 "rmp",
 "ws-hello",
 "ws-world",
]

[[package]]
name = "ws-hello"
version = "0.1.0"
source = "git+https://github.com/lucasdietrich/rust-hello-world-workspace.git?rev=a63ad47f5a7714d8a1259812bf2e44b821d3cb27#a63ad47f5a7714d8a1259812bf2e44b821d3cb27"

[[package]]
name = "ws-world"
version = "0.1.0"
source = "git+https://github.com/lucasdietrich/rust-hello-world-workspace.git?rev=a63ad47f5a7714d8a1259812bf2e44b821d3cb27#a63ad47f5a7714d8a1259812bf2e44b821d3cb27"
